
Microsoft Visual Studio Solution File, Format Version 12.00
# Visual Studio Version 16
VisualStudioVersion = 16.0.30011.22
MinimumVisualStudioVersion = 10.0.40219.1
Project("{FAE04EC0-301F-11D3-BF4B-00C04F79EFBC}") = "Clean Chart Trader", "Clean Chart Trader\Clean Chart Trader.csproj", "{450b29a4-f33b-42fe-b5d3-a3693ebd25ef}"
EndProject
Global
	GlobalSection(SolutionConfigurationPlatforms) = preSolution
		Debug|Any CPU = Debug|Any CPU
		Release|Any CPU = Release|Any CPU
	EndGlobalSection
	GlobalSection(ProjectConfigurationPlatforms) = postSolution
		{450b29a4-f33b-42fe-b5d3-a3693ebd25ef}.Debug|Any CPU.ActiveCfg = Debug|Any CPU
		{450b29a4-f33b-42fe-b5d3-a3693ebd25ef}.Debug|Any CPU.Build.0 = Debug|Any CPU
		{450b29a4-f33b-42fe-b5d3-a3693ebd25ef}.Release|Any CPU.ActiveCfg = Release|Any CPU
		{450b29a4-f33b-42fe-b5d3-a3693ebd25ef}.Release|Any CPU.Build.0 = Release|Any CPU
	EndGlobalSection
	GlobalSection(SolutionProperties) = preSolution
		HideSolutionNode = FALSE
	EndGlobalSection
EndGlobal
