
Microsoft Visual Studio Solution File, Format Version 11.00
# Visual Studio 2010
Project("{FAE04EC0-301F-11D3-BF4B-00C04F79EFBC}") = "m69noArray", "m69noArray\m69noArray.csproj", "{500FE434-B7D6-490E-BF23-62057A9F5B6E}"
EndProject
Global
	GlobalSection(SolutionConfigurationPlatforms) = preSolution
		Debug|Any CPU = Debug|Any CPU
		Release|Any CPU = Release|Any CPU
	EndGlobalSection
	GlobalSection(ProjectConfigurationPlatforms) = postSolution
		{500FE434-B7D6-490E-BF23-62057A9F5B6E}.Debug|Any CPU.ActiveCfg = Debug|Any CPU
		{500FE434-B7D6-490E-BF23-62057A9F5B6E}.Debug|Any CPU.Build.0 = Debug|Any CPU
		{500FE434-B7D6-490E-BF23-62057A9F5B6E}.Release|Any CPU.ActiveCfg = Release|Any CPU
		{500FE434-B7D6-490E-BF23-62057A9F5B6E}.Release|Any CPU.Build.0 = Release|Any CPU
	EndGlobalSection
	GlobalSection(SolutionProperties) = preSolution
		HideSolutionNode = FALSE
	EndGlobalSection
EndGlobal
