
Microsoft Visual Studio Solution File, Format Version 11.00
# Visual Studio 2010
Project("{FAE04EC0-301F-11D3-BF4B-00C04F79EFBC}") = "M69", "M69\M69.csproj", "{EFE106D9-AB21-4698-B7D1-8A7F61054F49}"
EndProject
Global
	GlobalSection(SolutionConfigurationPlatforms) = preSolution
		Debug|Any CPU = Debug|Any CPU
		Release|Any CPU = Release|Any CPU
	EndGlobalSection
	GlobalSection(ProjectConfigurationPlatforms) = postSolution
		{EFE106D9-AB21-4698-B7D1-8A7F61054F49}.Debug|Any CPU.ActiveCfg = Debug|Any CPU
		{EFE106D9-AB21-4698-B7D1-8A7F61054F49}.Debug|Any CPU.Build.0 = Debug|Any CPU
		{EFE106D9-AB21-4698-B7D1-8A7F61054F49}.Release|Any CPU.ActiveCfg = Release|Any CPU
		{EFE106D9-AB21-4698-B7D1-8A7F61054F49}.Release|Any CPU.Build.0 = Release|Any CPU
	EndGlobalSection
	GlobalSection(SolutionProperties) = preSolution
		HideSolutionNode = FALSE
	EndGlobalSection
EndGlobal


Project("{FAE04EC0-301F-11D3-BF4B-00C04F79EFBC}") = "DailyHighLow", "..\..\Indicators\DailyHighLow\DailyHighLow\DailyHighLow.csproj", "{66A3DCCB-BB9B-42C2-A572-131386828C33}"
EndProject