
Microsoft Visual Studio Solution File, Format Version 11.00
# Visual Studio 2010
Project("{FAE04EC0-301F-11D3-BF4B-00C04F79EFBC}") = "Blackgoldindi", "Blackgoldindi\Blackgoldindi.csproj", "{EB4514B8-FBC9-4642-B43A-803E13F437DD}"
EndProject
Global
	GlobalSection(SolutionConfigurationPlatforms) = preSolution
		Debug|Any CPU = Debug|Any CPU
		Release|Any CPU = Release|Any CPU
	EndGlobalSection
	GlobalSection(ProjectConfigurationPlatforms) = postSolution
		{EB4514B8-FBC9-4642-B43A-803E13F437DD}.Debug|Any CPU.ActiveCfg = Debug|Any CPU
		{EB4514B8-FBC9-4642-B43A-803E13F437DD}.Debug|Any CPU.Build.0 = Debug|Any CPU
		{EB4514B8-FBC9-4642-B43A-803E13F437DD}.Release|Any CPU.ActiveCfg = Release|Any CPU
		{EB4514B8-FBC9-4642-B43A-803E13F437DD}.Release|Any CPU.Build.0 = Release|Any CPU
	EndGlobalSection
	GlobalSection(SolutionProperties) = preSolution
		HideSolutionNode = FALSE
	EndGlobalSection
EndGlobal

Project("{FAE04EC0-301F-11D3-BF4B-00C04F79EFBC}") = "HeikenMAind", "..\HeikenMAind\HeikenMAind\HeikenMAind.csproj", "{B32EEC57-9ABA-4FCD-967E-0870D8816F57}"
EndProject