
Microsoft Visual Studio Solution File, Format Version 11.00
# Visual Studio 2010
Project("{FAE04EC0-301F-11D3-BF4B-00C04F79EFBC}") = "m69indi", "m69indi\m69indi.csproj", "{8D7B7927-232B-4B6C-A4B2-61E33E908D90}"
EndProject
Global
	GlobalSection(SolutionConfigurationPlatforms) = preSolution
		Debug|Any CPU = Debug|Any CPU
		Release|Any CPU = Release|Any CPU
	EndGlobalSection
	GlobalSection(ProjectConfigurationPlatforms) = postSolution
		{8D7B7927-232B-4B6C-A4B2-61E33E908D90}.Debug|Any CPU.ActiveCfg = Debug|Any CPU
		{8D7B7927-232B-4B6C-A4B2-61E33E908D90}.Debug|Any CPU.Build.0 = Debug|Any CPU
		{8D7B7927-232B-4B6C-A4B2-61E33E908D90}.Release|Any CPU.ActiveCfg = Release|Any CPU
		{8D7B7927-232B-4B6C-A4B2-61E33E908D90}.Release|Any CPU.Build.0 = Release|Any CPU
	EndGlobalSection
	GlobalSection(SolutionProperties) = preSolution
		HideSolutionNode = FALSE
	EndGlobalSection
EndGlobal
