
Microsoft Visual Studio Solution File, Format Version 11.00
# Visual Studio 2010
Project("{FAE04EC0-301F-11D3-BF4B-00C04F79EFBC}") = "DailyHighLow", "DailyHighLow\DailyHighLow.csproj", "{66A3DCCB-BB9B-42C2-A572-131386828C33}"
EndProject
Global
	GlobalSection(SolutionConfigurationPlatforms) = preSolution
		Debug|Any CPU = Debug|Any CPU
		Release|Any CPU = Release|Any CPU
	EndGlobalSection
	GlobalSection(ProjectConfigurationPlatforms) = postSolution
		{66A3DCCB-BB9B-42C2-A572-131386828C33}.Debug|Any CPU.ActiveCfg = Debug|Any CPU
		{66A3DCCB-BB9B-42C2-A572-131386828C33}.Debug|Any CPU.Build.0 = Debug|Any CPU
		{66A3DCCB-BB9B-42C2-A572-131386828C33}.Release|Any CPU.ActiveCfg = Release|Any CPU
		{66A3DCCB-BB9B-42C2-A572-131386828C33}.Release|Any CPU.Build.0 = Release|Any CPU
	EndGlobalSection
	GlobalSection(SolutionProperties) = preSolution
		HideSolutionNode = FALSE
	EndGlobalSection
EndGlobal
