
Microsoft Visual Studio Solution File, Format Version 11.00
# Visual Studio 2010
Project("{FAE04EC0-301F-11D3-BF4B-00C04F79EFBC}") = "Sample Trend cBot 4", "Sample Trend cBot 4\Sample Trend cBot 4.csproj", "{BC0C021D-10D5-4A56-AB5D-2155F80C5AA8}"
EndProject
Global
	GlobalSection(SolutionConfigurationPlatforms) = preSolution
		Debug|Any CPU = Debug|Any CPU
		Release|Any CPU = Release|Any CPU
	EndGlobalSection
	GlobalSection(ProjectConfigurationPlatforms) = postSolution
		{BC0C021D-10D5-4A56-AB5D-2155F80C5AA8}.Debug|Any CPU.ActiveCfg = Debug|Any CPU
		{BC0C021D-10D5-4A56-AB5D-2155F80C5AA8}.Debug|Any CPU.Build.0 = Debug|Any CPU
		{BC0C021D-10D5-4A56-AB5D-2155F80C5AA8}.Release|Any CPU.ActiveCfg = Release|Any CPU
		{BC0C021D-10D5-4A56-AB5D-2155F80C5AA8}.Release|Any CPU.Build.0 = Release|Any CPU
	EndGlobalSection
	GlobalSection(SolutionProperties) = preSolution
		HideSolutionNode = FALSE
	EndGlobalSection
EndGlobal

Project("{FAE04EC0-301F-11D3-BF4B-00C04F79EFBC}") = "Blackgoldindi2", "..\..\Indicators\Blackgoldindi2\Blackgoldindi2\Blackgoldindi2.csproj", "{1C88BFC9-1792-4DFC-9244-9BE0E5AD07E2}"
EndProject