
Microsoft Visual Studio Solution File, Format Version 11.00
# Visual Studio 2010
Project("{FAE04EC0-301F-11D3-BF4B-00C04F79EFBC}") = "Blackgoldindix", "Blackgoldindix\Blackgoldindix.csproj", "{C41527E8-B448-4624-AC30-3BBA76947FB1}"
EndProject
Global
	GlobalSection(SolutionConfigurationPlatforms) = preSolution
		Debug|Any CPU = Debug|Any CPU
		Release|Any CPU = Release|Any CPU
	EndGlobalSection
	GlobalSection(ProjectConfigurationPlatforms) = postSolution
		{C41527E8-B448-4624-AC30-3BBA76947FB1}.Debug|Any CPU.ActiveCfg = Debug|Any CPU
		{C41527E8-B448-4624-AC30-3BBA76947FB1}.Debug|Any CPU.Build.0 = Debug|Any CPU
		{C41527E8-B448-4624-AC30-3BBA76947FB1}.Release|Any CPU.ActiveCfg = Release|Any CPU
		{C41527E8-B448-4624-AC30-3BBA76947FB1}.Release|Any CPU.Build.0 = Release|Any CPU
	EndGlobalSection
	GlobalSection(SolutionProperties) = preSolution
		HideSolutionNode = FALSE
	EndGlobalSection
EndGlobal
