
Microsoft Visual Studio Solution File, Format Version 11.00
# Visual Studio 2010
Project("{FAE04EC0-301F-11D3-BF4B-00C04F79EFBC}") = "USSP500", "USSP500\USSP500.csproj", "{BBFE323C-4C5C-4036-BD83-7450951E4936}"
EndProject
Global
	GlobalSection(SolutionConfigurationPlatforms) = preSolution
		Debug|Any CPU = Debug|Any CPU
		Release|Any CPU = Release|Any CPU
	EndGlobalSection
	GlobalSection(ProjectConfigurationPlatforms) = postSolution
		{BBFE323C-4C5C-4036-BD83-7450951E4936}.Debug|Any CPU.ActiveCfg = Debug|Any CPU
		{BBFE323C-4C5C-4036-BD83-7450951E4936}.Debug|Any CPU.Build.0 = Debug|Any CPU
		{BBFE323C-4C5C-4036-BD83-7450951E4936}.Release|Any CPU.ActiveCfg = Release|Any CPU
		{BBFE323C-4C5C-4036-BD83-7450951E4936}.Release|Any CPU.Build.0 = Release|Any CPU
	EndGlobalSection
	GlobalSection(SolutionProperties) = preSolution
		HideSolutionNode = FALSE
	EndGlobalSection
EndGlobal

Project("{FAE04EC0-301F-11D3-BF4B-00C04F79EFBC}") = "Blackgoldindi", "..\..\Indicators\Blackgoldindi\Blackgoldindi\Blackgoldindi.csproj", "{EB4514B8-FBC9-4642-B43A-803E13F437DD}"
EndProject