
Microsoft Visual Studio Solution File, Format Version 12.00
# Visual Studio Version 16
VisualStudioVersion = 16.0.30011.22
MinimumVisualStudioVersion = 10.0.40219.1
Project("{FAE04EC0-301F-11D3-BF4B-00C04F79EFBC}") = "Clean Chart", "Clean Chart\Clean Chart.csproj", "{47294a3f-f3c0-455c-aaa4-119b2cc6081c}"
EndProject
Global
	GlobalSection(SolutionConfigurationPlatforms) = preSolution
		Debug|Any CPU = Debug|Any CPU
		Release|Any CPU = Release|Any CPU
	EndGlobalSection
	GlobalSection(ProjectConfigurationPlatforms) = postSolution
		{47294a3f-f3c0-455c-aaa4-119b2cc6081c}.Debug|Any CPU.ActiveCfg = Debug|Any CPU
		{47294a3f-f3c0-455c-aaa4-119b2cc6081c}.Debug|Any CPU.Build.0 = Debug|Any CPU
		{47294a3f-f3c0-455c-aaa4-119b2cc6081c}.Release|Any CPU.ActiveCfg = Release|Any CPU
		{47294a3f-f3c0-455c-aaa4-119b2cc6081c}.Release|Any CPU.Build.0 = Release|Any CPU
	EndGlobalSection
	GlobalSection(SolutionProperties) = preSolution
		HideSolutionNode = FALSE
	EndGlobalSection
EndGlobal
