
Microsoft Visual Studio Solution File, Format Version 11.00
# Visual Studio 2010
Project("{FAE04EC0-301F-11D3-BF4B-00C04F79EFBC}") = "STB 6", "STB 6\STB 6.csproj", "{3EC68AEA-BD00-4B8E-92CD-90685740ABC6}"
EndProject
Global
	GlobalSection(SolutionConfigurationPlatforms) = preSolution
		Debug|Any CPU = Debug|Any CPU
		Release|Any CPU = Release|Any CPU
	EndGlobalSection
	GlobalSection(ProjectConfigurationPlatforms) = postSolution
		{3EC68AEA-BD00-4B8E-92CD-90685740ABC6}.Debug|Any CPU.ActiveCfg = Debug|Any CPU
		{3EC68AEA-BD00-4B8E-92CD-90685740ABC6}.Debug|Any CPU.Build.0 = Debug|Any CPU
		{3EC68AEA-BD00-4B8E-92CD-90685740ABC6}.Release|Any CPU.ActiveCfg = Release|Any CPU
		{3EC68AEA-BD00-4B8E-92CD-90685740ABC6}.Release|Any CPU.Build.0 = Release|Any CPU
	EndGlobalSection
	GlobalSection(SolutionProperties) = preSolution
		HideSolutionNode = FALSE
	EndGlobalSection
EndGlobal


Project("{FAE04EC0-301F-11D3-BF4B-00C04F79EFBC}") = "Blackgoldindi3", "..\..\Indicators\Blackgoldindi3\Blackgoldindi3\Blackgoldindi3.csproj", "{B6C5FD0C-3C82-405A-AA8B-43554FA5B879}"
EndProject