
Microsoft Visual Studio Solution File, Format Version 11.00
# Visual Studio 2010
Project("{FAE04EC0-301F-11D3-BF4B-00C04F79EFBC}") = "Belkhayate Timing", "Belkhayate Timing\Belkhayate Timing.csproj", "{7E916CED-0B89-40F2-B7FE-146AB9B7F694}"
EndProject
Global
	GlobalSection(SolutionConfigurationPlatforms) = preSolution
		Debug|Any CPU = Debug|Any CPU
		Release|Any CPU = Release|Any CPU
	EndGlobalSection
	GlobalSection(ProjectConfigurationPlatforms) = postSolution
		{7E916CED-0B89-40F2-B7FE-146AB9B7F694}.Debug|Any CPU.ActiveCfg = Debug|Any CPU
		{7E916CED-0B89-40F2-B7FE-146AB9B7F694}.Debug|Any CPU.Build.0 = Debug|Any CPU
		{7E916CED-0B89-40F2-B7FE-146AB9B7F694}.Release|Any CPU.ActiveCfg = Release|Any CPU
		{7E916CED-0B89-40F2-B7FE-146AB9B7F694}.Release|Any CPU.Build.0 = Release|Any CPU
	EndGlobalSection
	GlobalSection(SolutionProperties) = preSolution
		HideSolutionNode = FALSE
	EndGlobalSection
EndGlobal
