
Microsoft Visual Studio Solution File, Format Version 11.00
# Visual Studio 2010
Project("{FAE04EC0-301F-11D3-BF4B-00C04F79EFBC}") = "Daily HL indicator", "Daily HL indicator\Daily HL indicator.csproj", "{491BBF76-0636-496E-A2F6-C9D81C009498}"
EndProject
Global
	GlobalSection(SolutionConfigurationPlatforms) = preSolution
		Debug|Any CPU = Debug|Any CPU
		Release|Any CPU = Release|Any CPU
	EndGlobalSection
	GlobalSection(ProjectConfigurationPlatforms) = postSolution
		{491BBF76-0636-496E-A2F6-C9D81C009498}.Debug|Any CPU.ActiveCfg = Debug|Any CPU
		{491BBF76-0636-496E-A2F6-C9D81C009498}.Debug|Any CPU.Build.0 = Debug|Any CPU
		{491BBF76-0636-496E-A2F6-C9D81C009498}.Release|Any CPU.ActiveCfg = Release|Any CPU
		{491BBF76-0636-496E-A2F6-C9D81C009498}.Release|Any CPU.Build.0 = Release|Any CPU
	EndGlobalSection
	GlobalSection(SolutionProperties) = preSolution
		HideSolutionNode = FALSE
	EndGlobalSection
EndGlobal
