
Microsoft Visual Studio Solution File, Format Version 11.00
# Visual Studio 2010
Project("{FAE04EC0-301F-11D3-BF4B-00C04F79EFBC}") = "STB5 SP500", "STB5 SP500\STB5 SP500.csproj", "{937D6C22-CC72-4A1C-8A8A-2BA290BCE7C3}"
EndProject
Global
	GlobalSection(SolutionConfigurationPlatforms) = preSolution
		Debug|Any CPU = Debug|Any CPU
		Release|Any CPU = Release|Any CPU
	EndGlobalSection
	GlobalSection(ProjectConfigurationPlatforms) = postSolution
		{937D6C22-CC72-4A1C-8A8A-2BA290BCE7C3}.Debug|Any CPU.ActiveCfg = Debug|Any CPU
		{937D6C22-CC72-4A1C-8A8A-2BA290BCE7C3}.Debug|Any CPU.Build.0 = Debug|Any CPU
		{937D6C22-CC72-4A1C-8A8A-2BA290BCE7C3}.Release|Any CPU.ActiveCfg = Release|Any CPU
		{937D6C22-CC72-4A1C-8A8A-2BA290BCE7C3}.Release|Any CPU.Build.0 = Release|Any CPU
	EndGlobalSection
	GlobalSection(SolutionProperties) = preSolution
		HideSolutionNode = FALSE
	EndGlobalSection
EndGlobal

Project("{FAE04EC0-301F-11D3-BF4B-00C04F79EFBC}") = "Blackgoldindi2", "..\..\Indicators\Blackgoldindi2\Blackgoldindi2\Blackgoldindi2.csproj", "{1C88BFC9-1792-4DFC-9244-9BE0E5AD07E2}"
EndProject